
Microsoft Visual Studio Solution File, Format Version 12.00
# Visual Studio Version 17
VisualStudioVersion = 17.13.35919.96 d17.13
MinimumVisualStudioVersion = 10.0.40219.1
Project("{FAE04EC0-301F-11D3-BF4B-00C04F79EFBC}") = "ArraySample", "ArraySample\ArraySample.csproj", "{05C0C22B-FBEA-41F1-A6CA-8AD151CD2C5D}"
EndProject
Global
	GlobalSection(SolutionConfigurationPlatforms) = preSolution
		Debug|Any CPU = Debug|Any CPU
		Release|Any CPU = Release|Any CPU
	EndGlobalSection
	GlobalSection(ProjectConfigurationPlatforms) = postSolution
		{05C0C22B-FBEA-41F1-A6CA-8AD151CD2C5D}.Debug|Any CPU.ActiveCfg = Debug|Any CPU
		{05C0C22B-FBEA-41F1-A6CA-8AD151CD2C5D}.Debug|Any CPU.Build.0 = Debug|Any CPU
		{05C0C22B-FBEA-41F1-A6CA-8AD151CD2C5D}.Release|Any CPU.ActiveCfg = Release|Any CPU
		{05C0C22B-FBEA-41F1-A6CA-8AD151CD2C5D}.Release|Any CPU.Build.0 = Release|Any CPU
	EndGlobalSection
	GlobalSection(SolutionProperties) = preSolution
		HideSolutionNode = FALSE
	EndGlobalSection
	GlobalSection(ExtensibilityGlobals) = postSolution
		SolutionGuid = {CC1E9E71-A8F3-487A-975A-2FA32BC0614C}
	EndGlobalSection
EndGlobal
